
Microsoft Visual Studio Solution File, Format Version 12.00
# Visual Studio Version 17
VisualStudioVersion = 17.1.32407.343
MinimumVisualStudioVersion = 10.0.40219.1
Project("{FAE04EC0-301F-11D3-BF4B-00C04F79EFBC}") = "CCSAWpfDemo", "CCSAWpfDemo\CCSAWpfDemo.csproj", "{B837AD15-17C5-4339-82CC-865B77A83A16}"
EndProject
Global
	GlobalSection(SolutionConfigurationPlatforms) = preSolution
		Debug|Any CPU = Debug|Any CPU
		Release|Any CPU = Release|Any CPU
	EndGlobalSection
	GlobalSection(ProjectConfigurationPlatforms) = postSolution
		{B837AD15-17C5-4339-82CC-865B77A83A16}.Debug|Any CPU.ActiveCfg = Debug|Any CPU
		{B837AD15-17C5-4339-82CC-865B77A83A16}.Debug|Any CPU.Build.0 = Debug|Any CPU
		{B837AD15-17C5-4339-82CC-865B77A83A16}.Release|Any CPU.ActiveCfg = Release|Any CPU
		{B837AD15-17C5-4339-82CC-865B77A83A16}.Release|Any CPU.Build.0 = Release|Any CPU
	EndGlobalSection
	GlobalSection(SolutionProperties) = preSolution
		HideSolutionNode = FALSE
	EndGlobalSection
	GlobalSection(ExtensibilityGlobals) = postSolution
		SolutionGuid = {90A88283-4412-4120-A726-87E2FBF67430}
	EndGlobalSection
EndGlobal
